PODS:
  - AFNetworking/NSURLSession (4.0.1):
    - AFNetworking/Reachability
    - AFNetworking/Security
    - AFNetworking/Serialization
  - AFNetworking/Reachability (4.0.1)
  - AFNetworking/Security (4.0.1)
  - AFNetworking/Serialization (4.0.1)
  - BigInt (5.2.0)
  - DZNEmptyDataSet (1.8.1)
  - FLAnimatedImage (1.0.17)
  - FMDB (2.7.11):
    - FMDB/standard (= 2.7.11)
  - FMDB/standard (2.7.11)
  - IQKeyboardManager (6.5.19)
  - Masonry (1.1.0)
  - MJExtension (3.4.2)
  - MJRefresh (3.7.9)
  - SAMKeychain (1.5.3)
  - SDWebImage (5.19.2):
    - SDWebImage/Core (= 5.19.2)
  - SDWebImage/Core (5.19.2)
  - SVProgressHUD (2.3.1):
    - SVProgressHUD/Core (= 2.3.1)
  - SVProgressHUD/Core (2.3.1)
  - TZImagePickerController (3.8.5):
    - TZImagePickerController/Basic (= 3.8.5)
    - TZImagePickerController/Location (= 3.8.5)
  - TZImagePickerController/Basic (3.8.5)
  - TZImagePickerController/Location (3.8.5)

DEPENDENCIES:
  - AFNetworking/NSURLSession
  - AFNetworking/Reachability
  - AFNetworking/Security
  - AFNetworking/Serialization
  - BigInt
  - DZNEmptyDataSet
  - FLAnimatedImage
  - FMDB
  - IQKeyboardManager
  - Masonry
  - MJExtension
  - MJRefresh
  - SAMKeychain
  - SDWebImage
  - SVProgressHUD
  - TZImagePickerController

SPEC REPOS:
  https://github.com/CocoaPods/Specs.git:
    - AFNetworking
    - BigInt
    - DZNEmptyDataSet
    - FLAnimatedImage
    - FMDB
    - IQKeyboardManager
    - Masonry
    - MJExtension
    - MJRefresh
    - SAMKeychain
    - SDWebImage
    - SVProgressHUD
    - TZImagePickerController

SPEC CHECKSUMS:
  AFNetworking: 3bd23d814e976cd148d7d44c3ab78017b744cd58
  BigInt: f668a80089607f521586bbe29513d708491ef2f7
  DZNEmptyDataSet: 9525833b9e68ac21c30253e1d3d7076cc828eaa7
  FLAnimatedImage: bbf914596368867157cc71b38a8ec834b3eeb32b
  FMDB: 57486c1117fd8e0e6b947b2f54c3f42bf8e57a4e
  IQKeyboardManager: c8665b3396bd0b79402b4c573eac345a31c7d485
  Masonry: 678fab65091a9290e40e2832a55e7ab731aad201
  MJExtension: e97d164cb411aa9795cf576093a1fa208b4a8dd8
  MJRefresh: ff9e531227924c84ce459338414550a05d2aea78
  SAMKeychain: 483e1c9f32984d50ca961e26818a534283b4cd5c
  SDWebImage: dfe95b2466a9823cf9f0c6d01217c06550d7b29a
  SVProgressHUD: 4837c74bdfe2e51e8821c397825996a8d7de6e22
  TZImagePickerController: c0f8e83c27cb08f7d812b1d066a5934d30ff78ad

PODFILE CHECKSUM: 791a7154e672bcc578957da5b9bf79e8485c0720

COCOAPODS: 1.15.2
